
Microsoft Visual Studio Solution File, Format Version 12.00
# Visual Studio Version 17
VisualStudioVersion = 17.14.36603.0 d17.14
MinimumVisualStudioVersion = 10.0.40219.1
Project("{FAE04EC0-301F-11D3-BF4B-00C04F79EFBC}") = "Cinesimbiose.API", "Cinesimbiose.API\Cinesimbiose.API.csproj", "{796206C5-FF8C-4F92-ACBC-F28192591D2E}"
EndProject
Global
	GlobalSection(SolutionConfigurationPlatforms) = preSolution
		Debug|Any CPU = Debug|Any CPU
		Release|Any CPU = Release|Any CPU
	EndGlobalSection
	GlobalSection(ProjectConfigurationPlatforms) = postSolution
		{796206C5-FF8C-4F92-ACBC-F28192591D2E}.Debug|Any CPU.ActiveCfg = Debug|Any CPU
		{796206C5-FF8C-4F92-ACBC-F28192591D2E}.Debug|Any CPU.Build.0 = Debug|Any CPU
		{796206C5-FF8C-4F92-ACBC-F28192591D2E}.Release|Any CPU.ActiveCfg = Release|Any CPU
		{796206C5-FF8C-4F92-ACBC-F28192591D2E}.Release|Any CPU.Build.0 = Release|Any CPU
	EndGlobalSection
	GlobalSection(SolutionProperties) = preSolution
		HideSolutionNode = FALSE
	EndGlobalSection
	GlobalSection(ExtensibilityGlobals) = postSolution
		SolutionGuid = {EE0C6E8A-B086-4877-B2E9-9C2F1AE53E04}
	EndGlobalSection
EndGlobal
