
Microsoft Visual Studio Solution File, Format Version 12.00
# Visual Studio Version 17
VisualStudioVersion = 17.14.36603.0 d17.14
MinimumVisualStudioVersion = 10.0.40219.1
Project("{FAE04EC0-301F-11D3-BF4B-00C04F79EFBC}") = "Scaffolding", "Scaffolding.csproj", "{3DD115D4-E54F-4C9E-8AE2-C04D21BAACCD}"
EndProject
Global
	GlobalSection(SolutionConfigurationPlatforms) = preSolution
		Debug|Any CPU = Debug|Any CPU
		Release|Any CPU = Release|Any CPU
	EndGlobalSection
	GlobalSection(ProjectConfigurationPlatforms) = postSolution
		{3DD115D4-E54F-4C9E-8AE2-C04D21BAACCD}.Debug|Any CPU.ActiveCfg = Debug|Any CPU
		{3DD115D4-E54F-4C9E-8AE2-C04D21BAACCD}.Debug|Any CPU.Build.0 = Debug|Any CPU
		{3DD115D4-E54F-4C9E-8AE2-C04D21BAACCD}.Release|Any CPU.ActiveCfg = Release|Any CPU
		{3DD115D4-E54F-4C9E-8AE2-C04D21BAACCD}.Release|Any CPU.Build.0 = Release|Any CPU
	EndGlobalSection
	GlobalSection(SolutionProperties) = preSolution
		HideSolutionNode = FALSE
	EndGlobalSection
	GlobalSection(ExtensibilityGlobals) = postSolution
		SolutionGuid = {DC52DA85-9E4A-4D15-AAE1-08F705CA0EA8}
	EndGlobalSection
EndGlobal
